
Microsoft Visual Studio Solution File, Format Version 12.00
# Visual Studio Version 17
VisualStudioVersion = 17.0.31903.59
MinimumVisualStudioVersion = 10.0.40219.1
Project("{FAE04EC0-301F-11D3-BF4B-00C04F79EFBC}") = "Lesson02", "Lesson02\Lesson02.csproj", "{2AEC03C5-D1D4-447D-9EAE-24071A2D707D}"
EndProject
Global
	GlobalSection(SolutionConfigurationPlatforms) = preSolution
		Debug|Any CPU = Debug|Any CPU
		Debug|x64 = Debug|x64
		Debug|x86 = Debug|x86
		Release|Any CPU = Release|Any CPU
		Release|x64 = Release|x64
		Release|x86 = Release|x86
	EndGlobalSection
	GlobalSection(ProjectConfigurationPlatforms) = postSolution
		{2AEC03C5-D1D4-447D-9EAE-24071A2D707D}.Debug|Any CPU.ActiveCfg = Debug|Any CPU
		{2AEC03C5-D1D4-447D-9EAE-24071A2D707D}.Debug|Any CPU.Build.0 = Debug|Any CPU
		{2AEC03C5-D1D4-447D-9EAE-24071A2D707D}.Debug|x64.ActiveCfg = Debug|Any CPU
		{2AEC03C5-D1D4-447D-9EAE-24071A2D707D}.Debug|x64.Build.0 = Debug|Any CPU
		{2AEC03C5-D1D4-447D-9EAE-24071A2D707D}.Debug|x86.ActiveCfg = Debug|Any CPU
		{2AEC03C5-D1D4-447D-9EAE-24071A2D707D}.Debug|x86.Build.0 = Debug|Any CPU
		{2AEC03C5-D1D4-447D-9EAE-24071A2D707D}.Release|Any CPU.ActiveCfg = Release|Any CPU
		{2AEC03C5-D1D4-447D-9EAE-24071A2D707D}.Release|Any CPU.Build.0 = Release|Any CPU
		{2AEC03C5-D1D4-447D-9EAE-24071A2D707D}.Release|x64.ActiveCfg = Release|Any CPU
		{2AEC03C5-D1D4-447D-9EAE-24071A2D707D}.Release|x64.Build.0 = Release|Any CPU
		{2AEC03C5-D1D4-447D-9EAE-24071A2D707D}.Release|x86.ActiveCfg = Release|Any CPU
		{2AEC03C5-D1D4-447D-9EAE-24071A2D707D}.Release|x86.Build.0 = Release|Any CPU
	EndGlobalSection
	GlobalSection(SolutionProperties) = preSolution
		HideSolutionNode = FALSE
	EndGlobalSection
EndGlobal
